
Microsoft Visual Studio Solution File, Format Version 12.00
# Visual Studio 15
Project("{FAE04EC0-301F-11D3-BF4B-00C04F79EFBC}") = "Uppgift_3_OOP", "Uppgift_3_OOP\Uppgift_3_OOP.csproj", "{C689B675-F405-4E10-ADCA-72A58805D30F}"
EndProject
Global
	GlobalSection(SolutionConfigurationPlatforms) = preSolution
		Debug|x86 = Debug|x86
		Release|x86 = Release|x86
	EndGlobalSection
	GlobalSection(ProjectConfigurationPlatforms) = postSolution
		{C689B675-F405-4E10-ADCA-72A58805D30F}.Debug|x86.ActiveCfg = Debug|x86
		{C689B675-F405-4E10-ADCA-72A58805D30F}.Debug|x86.Build.0 = Debug|x86
		{C689B675-F405-4E10-ADCA-72A58805D30F}.Release|x86.ActiveCfg = Release|x86
		{C689B675-F405-4E10-ADCA-72A58805D30F}.Release|x86.Build.0 = Release|x86
	EndGlobalSection
EndGlobal
